
Microsoft Visual Studio Solution File, Format Version 12.00
# Visual Studio Version 17
VisualStudioVersion = 17.7.34221.43
MinimumVisualStudioVersion = 10.0.40219.1
Project("{FAE04EC0-301F-11D3-BF4B-00C04F79EFBC}") = "LMS Project forms", "LMS Project forms\LMS Project forms.csproj", "{AD8C9C8C-BAE3-4D83-AE1C-464604EB75AD}"
EndProject
Global
	GlobalSection(SolutionConfigurationPlatforms) = preSolution
		Debug|Any CPU = Debug|Any CPU
		Release|Any CPU = Release|Any CPU
	EndGlobalSection
	GlobalSection(ProjectConfigurationPlatforms) = postSolution
		{AD8C9C8C-BAE3-4D83-AE1C-464604EB75AD}.Debug|Any CPU.ActiveCfg = Debug|Any CPU
		{AD8C9C8C-BAE3-4D83-AE1C-464604EB75AD}.Debug|Any CPU.Build.0 = Debug|Any CPU
		{AD8C9C8C-BAE3-4D83-AE1C-464604EB75AD}.Release|Any CPU.ActiveCfg = Release|Any CPU
		{AD8C9C8C-BAE3-4D83-AE1C-464604EB75AD}.Release|Any CPU.Build.0 = Release|Any CPU
	EndGlobalSection
	GlobalSection(SolutionProperties) = preSolution
		HideSolutionNode = FALSE
	EndGlobalSection
	GlobalSection(ExtensibilityGlobals) = postSolution
		SolutionGuid = {979187E0-63E6-4897-AB52-A7CBDFB8EF30}
	EndGlobalSection
EndGlobal
